// !$*UTF8*$!
{
	archiveVersion = 1;
	classes = {
	};
	objectVersion = 46;
	objects = {

/* Begin PBXBuildFile section */
		775673F81D6392E300C03F95 /* AppDelegate.swift in Sources */ = {isa = PBXBuildFile; fileRef = 775673F71D6392E300C03F95 /* AppDelegate.swift */; };
		775673FA1D6392E300C03F95 /* ViewController.swift in Sources */ = {isa = PBXBuildFile; fileRef = 775673F91D6392E300C03F95 /* ViewController.swift */; };
		775673FD1D6392E300C03F95 /* Main.storyboard in Resources */ = {isa = PBXBuildFile; fileRef = 775673FB1D6392E300C03F95 /* Main.storyboard */; };
		775673FF1D6392E300C03F95 /* Assets.xcassets in Resources */ = {isa = PBXBuildFile; fileRef = 775673FE1D6392E300C03F95 /* Assets.xcassets */; };
		775674021D6392E300C03F95 /* LaunchScreen.storyboard in Resources */ = {isa = PBXBuildFile; fileRef = 775674001D6392E300C03F95 /* LaunchScreen.storyboard */; };
		7756740D1D6392E300C03F95 /* FoodTrackerTests.swift in Sources */ = {isa = PBXBuildFile; fileRef = 7756740C1D6392E300C03F95 /* FoodTrackerTests.swift */; };
/* End PBXBuildFile section */

/* Begin PBXContainerItemProxy section */
		775674091D6392E300C03F95 /* PBXContainerItemProxy */ = {
			isa = PBXContainerItemProxy;
			containerPortal = 775673EC1D6392E300C03F95 /* Project object */;
			proxyType = 1;
			remoteGlobalIDString = 775673F31D6392E300C03F95;
			remoteInfo = FoodTracker;
		};
/* End PBXContainerItemProxy section */

/* Begin PBXFileReference section */
		775673F41D6392E300C03F95 /* FoodTracker.app */ = {isa = PBXFileReference; explicitFileType = wrapper.application; includeInIndex = 0; path = FoodTracker.app; sourceTree = BUILT_PRODUCTS_DIR; };
		775673F71D6392E300C03F95 /* AppDelegate.swift */ = {isa = PBXFileReference; lastKnownFileType = sourcecode.swift; path = AppDelegate.swift; sourceTree = "<group>"; };
		775673F91D6392E300C03F95 /* ViewController.swift */ = {isa = PBXFileReference; lastKnownFileType = sourcecode.swift; path = ViewController.swift; sourceTree = "<group>"; };
		775673FC1D6392E300C03F95 /* Base */ = {isa = PBXFileReference; lastKnownFileType = file.storyboard; name = Base; path = Base.lproj/Main.storyboard; sourceTree = "<group>"; };
		775673FE1D6392E300C03F95 /* Assets.xcassets */ = {isa = PBXFileReference; lastKnownFileType = folder.assetcatalog; path = Assets.xcassets; sourceTree = "<group>"; };
		775674011D6392E300C03F95 /* Base */ = {isa = PBXFileReference; lastKnownFileType = file.storyboard; name = Base; path = Base.lproj/LaunchScreen.storyboard; sourceTree = "<group>"; };
		775674031D6392E300C03F95 /* Info.plist */ = {isa = PBXFileReference; lastKnownFileType = text.plist.xml; path = Info.plist; sourceTree = "<group>"; };
		775674081D6392E300C03F95 /* FoodTrackerTests.xctest */ = {isa = PBXFileReference; explicitFileType = wrapper.cfbundle; includeInIndex = 0; path = FoodTrackerTests.xctest; sourceTree = BUILT_PRODUCTS_DIR; };
		7756740C1D6392E300C03F95 /* FoodTrackerTests.swift */ = {isa = PBXFileReference; lastKnownFileType = sourcecode.swift; path = FoodTrackerTests.swift; sourceTree = "<group>"; };
		7756740E1D6392E300C03F95 /* Info.plist */ = {isa = PBXFileReference; lastKnownFileType = text.plist.xml; path = Info.plist; sourceTree = "<group>"; };
/* End PBXFileReference section */

/* Begin PBXFrameworksBuildPhase section */
		775673F11D6392E300C03F95 /* Frameworks */ = {
			isa = PBXFrameworksBuildPhase;
			buildActionMask = 2147483647;
			files = (
			);
			runOnlyForDeploymentPostprocessing = 0;
		};
		775674051D6392E300C03F95 /* Frameworks */ = {
			isa = PBXFrameworksBuildPhase;
			buildActionMask = 2147483647;
			files = (
			);
			runOnlyForDeploymentPostprocessing = 0;
		};
/* End PBXFrameworksBuildPhase section */

/* Begin PBXGroup section */
		775673EB1D6392E300C03F95 = {
			isa = PBXGroup;
			children = (
				775673F61D6392E300C03F95 /* FoodTracker */,
				7756740B1D6392E300C03F95 /* FoodTrackerTests */,
				775673F51D6392E300C03F95 /* Products */,
			);
			sourceTree = "<group>";
		};
		775673F51D6392E300C03F95 /* Products */ = {
			isa = PBXGroup;
			children = (
				775673F41D6392E300C03F95 /* FoodTracker.app */,
				775674081D6392E300C03F95 /* FoodTrackerTests.xctest */,
			);
			name = Products;
			sourceTree = "<group>";
		};
		775673F61D6392E300C03F95 /* FoodTracker */ = {
			isa = PBXGroup;
			children = (
				775673F71D6392E300C03F95 /* AppDelegate.swift */,
				775673F91D6392E300C03F95 /* ViewController.swift */,
				775673FB1D6392E300C03F95 /* Main.storyboard */,
				775673FE1D6392E300C03F95 /* Assets.xcassets */,
				775674001D6392E300C03F95 /* LaunchScreen.storyboard */,
				775674031D6392E300C03F95 /* Info.plist */,
			);
			path = FoodTracker;
			sourceTree = "<group>";
		};
		7756740B1D6392E300C03F95 /* FoodTrackerTests */ = {
			isa = PBXGroup;
			children = (
				7756740C1D6392E300C03F95 /* FoodTrackerTests.swift */,
				7756740E1D6392E300C03F95 /* Info.plist */,
			);
			path = FoodTrackerTests;
			sourceTree = "<group>";
		};
/* End PBXGroup section */

/* Begin PBXNativeTarget section */
		775673F31D6392E300C03F95 /* FoodTracker */ = {
			isa = PBXNativeTarget;
			buildConfigurationList = 775674111D6392E300C03F95 /* Build configuration list for PBXNativeTarget "FoodTracker" */;
			buildPhases = (
				775673F01D6392E300C03F95 /* Sources */,
				775673F11D6392E300C03F95 /* Frameworks */,
				775673F21D6392E300C03F95 /* Resources */,
			);
			buildRules = (
			);
			dependencies = (
			);
			name = FoodTracker;
			productName = FoodTracker;
			productReference = 775673F41D6392E300C03F95 /* FoodTracker.app */;
			productType = "com.apple.product-type.application";
		};
		775674071D6392E300C03F95 /* FoodTrackerTests */ = {
			isa = PBXNativeTarget;
			buildConfigurationList = 775674141D6392E300C03F95 /* Build configuration list for PBXNativeTarget "FoodTrackerTests" */;
			buildPhases = (
				775674041D6392E300C03F95 /* Sources */,
				775674051D6392E300C03F95 /* Frameworks */,
				775674061D6392E300C03F95 /* Resources */,
			);
			buildRules = (
			);
			dependencies = (
				7756740A1D6392E300C03F95 /* PBXTargetDependency */,
			);
			name = FoodTrackerTests;
			productName = FoodTrackerTests;
			productReference = 775674081D6392E300C03F95 /* FoodTrackerTests.xctest */;
			productType = "com.apple.product-type.bundle.unit-test";
		};
/* End PBXNativeTarget section */

/* Begin PBXProject section */
		775673EC1D6392E300C03F95 /* Project object */ = {
			isa = PBXProject;
			attributes = {
				LastSwiftUpdateCheck = 0730;
				LastUpgradeCheck = 0730;
				ORGANIZATIONNAME = "y-mukoyama";
				TargetAttributes = {
					775673F31D6392E300C03F95 = {
						CreatedOnToolsVersion = 7.3;
					};
					775674071D6392E300C03F95 = {
						CreatedOnToolsVersion = 7.3;
						TestTargetID = 775673F31D6392E300C03F95;
					};
				};
			};
			buildConfigurationList = 775673EF1D6392E300C03F95 /* Build configuration list for PBXProject "FoodTracker" */;
			compatibilityVersion = "Xcode 3.2";
			developmentRegion = English;
			hasScannedForEncodings = 0;
			knownRegions = (
				en,
				Base,
			);
			mainGroup = 775673EB1D6392E300C03F95;
			productRefGroup = 775673F51D6392E300C03F95 /* Products */;
			projectDirPath = "";
			projectRoot = "";
			targets = (
				775673F31D6392E300C03F95 /* FoodTracker */,
				775674071D6392E300C03F95 /* FoodTrackerTests */,
			);
		};
/* End PBXProject section */

/* Begin PBXResourcesBuildPhase section */
		775673F21D6392E300C03F95 /* Resources */ = {
			isa = PBXResourcesBuildPhase;
			buildActionMask = 2147483647;
			files = (
				775674021D6392E300C03F95 /* LaunchScreen.storyboard in Resources */,
				775673FF1D6392E300C03F95 /* Assets.xcassets in Resources */,
				775673FD1D6392E300C03F95 /* Main.storyboard in Resources */,
			);
			runOnlyForDeploymentPostprocessing = 0;
		};
		775674061D6392E300C03F95 /* Resources */ = {
			isa = PBXResourcesBuildPhase;
			buildActionMask = 2147483647;
			files = (
			);
			runOnlyForDeploymentPostprocessing = 0;
		};
/* End PBXResourcesBuildPhase section */

/* Begin PBXSourcesBuildPhase section */
		775673F01D6392E300C03F95 /* Sources */ = {
			isa = PBXSourcesBuildPhase;
			buildActionMask = 2147483647;
			files = (
				775673FA1D6392E300C03F95 /* ViewController.swift in Sources */,
				775673F81D6392E300C03F95 /* AppDelegate.swift in Sources */,
			);
			runOnlyForDeploymentPostprocessing = 0;
		};
		775674041D6392E300C03F95 /* Sources */ = {
			isa = PBXSourcesBuildPhase;
			buildActionMask = 2147483647;
			files = (
				7756740D1D6392E300C03F95 /* FoodTrackerTests.swift in Sources */,
			);
			runOnlyForDeploymentPostprocessing = 0;
		};
/* End PBXSourcesBuildPhase section */

/* Begin PBXTargetDependency section */
		7756740A1D6392E300C03F95 /* PBXTargetDependency */ = {
			isa = PBXTargetDependency;
			target = 775673F31D6392E300C03F95 /* FoodTracker */;
			targetProxy = 775674091D6392E300C03F95 /* PBXContainerItemProxy */;
		};
/* End PBXTargetDependency section */

/* Begin PBXVariantGroup section */
		775673FB1D6392E300C03F95 /* Main.storyboard */ = {
			isa = PBXVariantGroup;
			children = (
				775673FC1D6392E300C03F95 /* Base */,
			);
			name = Main.storyboard;
			sourceTree = "<group>";
		};
		775674001D6392E300C03F95 /* LaunchScreen.storyboard */ = {
			isa = PBXVariantGroup;
			children = (
				775674011D6392E300C03F95 /* Base */,
			);
			name = LaunchScreen.storyboard;
			sourceTree = "<group>";
		};
/* End PBXVariantGroup section */

/* Begin XCBuildConfiguration section */
		7756740F1D6392E300C03F95 /* Debug */ = {
			isa = XCBuildConfiguration;
			buildSettings = {
				ALWAYS_SEARCH_USER_PATHS = NO;
				CLANG_ANALYZER_NONNULL = YES;
				CLANG_CXX_LANGUAGE_STANDARD = "gnu++0x";
				CLANG_CXX_LIBRARY = "libc++";
				CLANG_ENABLE_MODULES = YES;
				CLANG_ENABLE_OBJC_ARC = YES;
				CLANG_WARN_BOOL_CONVERSION = YES;
				CLANG_WARN_CONSTANT_CONVERSION = YES;
				CLANG_WARN_DIRECT_OBJC_ISA_USAGE = YES_ERROR;
				CLANG_WARN_EMPTY_BODY = YES;
				CLANG_WARN_ENUM_CONVERSION = YES;
				CLANG_WARN_INT_CONVERSION = YES;
				CLANG_WARN_OBJC_ROOT_CLASS = YES_ERROR;
				CLANG_WARN_UNREACHABLE_CODE = YES;
				CLANG_WARN__DUPLICATE_METHOD_MATCH = YES;
				"CODE_SIGN_IDENTITY[sdk=iphoneos*]" = "iPhone Developer";
				COPY_PHASE_STRIP = NO;
				DEBUG_INFORMATION_FORMAT = dwarf;
				ENABLE_STRICT_OBJC_MSGSEND = YES;
				ENABLE_TESTABILITY = YES;
				GCC_C_LANGUAGE_STANDARD = gnu99;
				GCC_DYNAMIC_NO_PIC = NO;
				GCC_NO_COMMON_BLOCKS = YES;
				GCC_OPTIMIZATION_LEVEL = 0;
				GCC_PREPROCESSOR_DEFINITIONS = (
					"DEBUG=1",
					"$(inherited)",
				);
				GCC_WARN_64_TO_32_BIT_CONVERSION = YES;
				GCC_WARN_ABOUT_RETURN_TYPE = YES_ERROR;
				GCC_WARN_UNDECLARED_SELECTOR = YES;
				GCC_WARN_UNINITIALIZED_AUTOS = YES_AGGRESSIVE;
				GCC_WARN_UNUSED_FUNCTION = YES;
				GCC_WARN_UNUSED_VARIABLE = YES;
				IPHONEOS_DEPLOYMENT_TARGET = 9.3;
				MTL_ENABLE_DEBUG_INFO = YES;
				ONLY_ACTIVE_ARCH = YES;
				SDKROOT = iphoneos;
				SWIFT_OPTIMIZATION_LEVEL = "-Onone";
				TARGETED_DEVICE_FAMILY = "1,2";
			};
			name = Debug;
		};
		775674101D6392E300C03F95 /* Release */ = {
			isa = XCBuildConfiguration;
			buildSettings = {
				ALWAYS_SEARCH_USER_PATHS = NO;
				CLANG_ANALYZER_NONNULL = YES;
				CLANG_CXX_LANGUAGE_STANDARD = "gnu++0x";
				CLANG_CXX_LIBRARY = "libc++";
				CLANG_ENABLE_MODULES = YES;
				CLANG_ENABLE_OBJC_ARC = YES;
				CLANG_WARN_BOOL_CONVERSION = YES;
				CLANG_WARN_CONSTANT_CONVERSION = YES;
				CLANG_WARN_DIRECT_OBJC_ISA_USAGE = YES_ERROR;
				CLANG_WARN_EMPTY_BODY = YES;
				CLANG_WARN_ENUM_CONVERSION = YES;
				CLANG_WARN_INT_CONVERSION = YES;
				CLANG_WARN_OBJC_ROOT_CLASS = YES_ERROR;
				CLANG_WARN_UNREACHABLE_CODE = YES;
				CLANG_WARN__DUPLICATE_METHOD_MATCH = YES;
				"CODE_SIGN_IDENTITY[sdk=iphoneos*]" = "iPhone Developer";
				COPY_PHASE_STRIP = NO;
				DEBUG_INFORMATION_FORMAT = "dwarf-with-dsym";
				ENABLE_NS_ASSERTIONS = NO;
				ENABLE_STRICT_OBJC_MSGSEND = YES;
				GCC_C_LANGUAGE_STANDARD = gnu99;
				GCC_NO_COMMON_BLOCKS = YES;
				GCC_WARN_64_TO_32_BIT_CONVERSION = YES;
				GCC_WARN_ABOUT_RETURN_TYPE = YES_ERROR;
				GCC_WARN_UNDECLARED_SELECTOR = YES;
				GCC_WARN_UNINITIALIZED_AUTOS = YES_AGGRESSIVE;
				GCC_WARN_UNUSED_FUNCTION = YES;
				GCC_WARN_UNUSED_VARIABLE = YES;
				IPHONEOS_DEPLOYMENT_TARGET = 9.3;
				MTL_ENABLE_DEBUG_INFO = NO;
				SDKROOT = iphoneos;
				TARGETED_DEVICE_FAMILY = "1,2";
				VALIDATE_PRODUCT = YES;
			};
			name = Release;
		};
		775674121D6392E300C03F95 /* Debug */ = {
			isa = XCBuildConfiguration;
			buildSettings = {
				ASSETCATALOG_COMPILER_APPICON_NAME = AppIcon;
				INFOPLIST_FILE = FoodTracker/Info.plist;
				LD_RUNPATH_SEARCH_PATHS = "$(inherited) @executable_path/Frameworks";
				PRODUCT_BUNDLE_IDENTIFIER = amayokoy.FoodTracker;
				PRODUCT_NAME = "$(TARGET_NAME)";
			};
			name = Debug;
		};
		775674131D6392E300C03F95 /* Release */ = {
			isa = XCBuildConfiguration;
			buildSettings = {
				ASSETCATALOG_COMPILER_APPICON_NAME = AppIcon;
				INFOPLIST_FILE = FoodTracker/Info.plist;
				LD_RUNPATH_SEARCH_PATHS = "$(inherited) @executable_path/Frameworks";
				PRODUCT_BUNDLE_IDENTIFIER = amayokoy.FoodTracker;
				PRODUCT_NAME = "$(TARGET_NAME)";
			};
			name = Release;
		};
		775674151D6392E300C03F95 /* Debug */ = {
			isa = XCBuildConfiguration;
			buildSettings = {
				BUNDLE_LOADER = "$(TEST_HOST)";
				INFOPLIST_FILE = FoodTrackerTests/Info.plist;
				LD_RUNPATH_SEARCH_PATHS = "$(inherited) @executable_path/Frameworks @loader_path/Frameworks";
				PRODUCT_BUNDLE_IDENTIFIER = amayokoy.FoodTrackerTests;
				PRODUCT_NAME = "$(TARGET_NAME)";
				TEST_HOST = "$(BUILT_PRODUCTS_DIR)/FoodTracker.app/FoodTracker";
			};
			name = Debug;
		};
		775674161D6392E300C03F95 /* Release */ = {
			isa = XCBuildConfiguration;
			buildSettings = {
				BUNDLE_LOADER = "$(TEST_HOST)";
				INFOPLIST_FILE = FoodTrackerTests/Info.plist;
				LD_RUNPATH_SEARCH_PATHS = "$(inherited) @executable_path/Frameworks @loader_path/Frameworks";
				PRODUCT_BUNDLE_IDENTIFIER = amayokoy.FoodTrackerTests;
				PRODUCT_NAME = "$(TARGET_NAME)";
				TEST_HOST = "$(BUILT_PRODUCTS_DIR)/FoodTracker.app/FoodTracker";
			};
			name = Release;
		};
/* End XCBuildConfiguration section */

/* Begin XCConfigurationList section */
		775673EF1D6392E300C03F95 /* Build configuration list for PBXProject "FoodTracker" */ = {
			isa = XCConfigurationList;
			buildConfigurations = (
				7756740F1D6392E300C03F95 /* Debug */,
				775674101D6392E300C03F95 /* Release */,
			);
			defaultConfigurationIsVisible = 0;
			defaultConfigurationName = Release;
		};
		775674111D6392E300C03F95 /* Build configuration list for PBXNativeTarget "FoodTracker" */ = {
			isa = XCConfigurationList;
			buildConfigurations = (
				775674121D6392E300C03F95 /* Debug */,
				775674131D6392E300C03F95 /* Release */,
			);
			defaultConfigurationIsVisible = 0;
		};
		775674141D6392E300C03F95 /* Build configuration list for PBXNativeTarget "FoodTrackerTests" */ = {
			isa = XCConfigurationList;
			buildConfigurations = (
				775674151D6392E300C03F95 /* Debug */,
				775674161D6392E300C03F95 /* Release */,
			);
			defaultConfigurationIsVisible = 0;
		};
/* End XCConfigurationList section */
	};
	rootObject = 775673EC1D6392E300C03F95 /* Project object */;
}
